
Microsoft Visual Studio Solution File, Format Version 12.00
# Visual Studio 2012
Project("{FAE04EC0-301F-11D3-BF4B-00C04F79EFBC}") = "Sipariş Uygulaması", "Sipariş Uygulaması\Sipariş Uygulaması.csproj", "{D074FB5B-C2E4-4486-B3FB-CA4BE6B47111}"
EndProject
Global
	GlobalSection(SolutionConfigurationPlatforms) = preSolution
		Debug|Any CPU = Debug|Any CPU
		Release|Any CPU = Release|Any CPU
	EndGlobalSection
	GlobalSection(ProjectConfigurationPlatforms) = postSolution
		{D074FB5B-C2E4-4486-B3FB-CA4BE6B47111}.Debug|Any CPU.ActiveCfg = Debug|Any CPU
		{D074FB5B-C2E4-4486-B3FB-CA4BE6B47111}.Debug|Any CPU.Build.0 = Debug|Any CPU
		{D074FB5B-C2E4-4486-B3FB-CA4BE6B47111}.Release|Any CPU.ActiveCfg = Release|Any CPU
		{D074FB5B-C2E4-4486-B3FB-CA4BE6B47111}.Release|Any CPU.Build.0 = Release|Any CPU
	EndGlobalSection
	GlobalSection(SolutionProperties) = preSolution
		HideSolutionNode = FALSE
	EndGlobalSection
EndGlobal
